
Microsoft Visual Studio Solution File, Format Version 12.00
# Visual Studio Version 17
VisualStudioVersion = 17.5.002.0
MinimumVisualStudioVersion = 10.0.40219.1
Project("{9A19103F-16F7-4668-BE54-9A1E7A4F7556}") = "program006-analyza-textu", "program006-analyza-textu.csproj", "{153E0E55-F865-4B5E-B04F-47E9CFD750A1}"
EndProject
Global
	GlobalSection(SolutionConfigurationPlatforms) = preSolution
		Debug|Any CPU = Debug|Any CPU
		Release|Any CPU = Release|Any CPU
	EndGlobalSection
	GlobalSection(ProjectConfigurationPlatforms) = postSolution
		{153E0E55-F865-4B5E-B04F-47E9CFD750A1}.Debug|Any CPU.ActiveCfg = Debug|Any CPU
		{153E0E55-F865-4B5E-B04F-47E9CFD750A1}.Debug|Any CPU.Build.0 = Debug|Any CPU
		{153E0E55-F865-4B5E-B04F-47E9CFD750A1}.Release|Any CPU.ActiveCfg = Release|Any CPU
		{153E0E55-F865-4B5E-B04F-47E9CFD750A1}.Release|Any CPU.Build.0 = Release|Any CPU
	EndGlobalSection
	GlobalSection(SolutionProperties) = preSolution
		HideSolutionNode = FALSE
	EndGlobalSection
	GlobalSection(ExtensibilityGlobals) = postSolution
		SolutionGuid = {9F00C910-B48B-4139-9E4C-474182BA0291}
	EndGlobalSection
EndGlobal
